
Microsoft Visual Studio Solution File, Format Version 12.00
# Visual Studio Version 17
VisualStudioVersion = 17.3.32825.248
MinimumVisualStudioVersion = 10.0.40219.1
Project("{FAE04EC0-301F-11D3-BF4B-00C04F79EFBC}") = "lab4", "lab4\lab4.csproj", "{C75BF931-B606-4BD7-B704-D69AF38E1E55}"
EndProject
Project("{FAE04EC0-301F-11D3-BF4B-00C04F79EFBC}") = "lab4.Tests", "lab4.Tests\lab4.Tests.csproj", "{9612A500-3CF2-41B7-AABF-D92E09036314}"
EndProject
Global
	GlobalSection(SolutionConfigurationPlatforms) = preSolution
		Debug|Any CPU = Debug|Any CPU
		Release|Any CPU = Release|Any CPU
	EndGlobalSection
	GlobalSection(ProjectConfigurationPlatforms) = postSolution
		{C75BF931-B606-4BD7-B704-D69AF38E1E55}.Debug|Any CPU.ActiveCfg = Debug|Any CPU
		{C75BF931-B606-4BD7-B704-D69AF38E1E55}.Debug|Any CPU.Build.0 = Debug|Any CPU
		{C75BF931-B606-4BD7-B704-D69AF38E1E55}.Release|Any CPU.ActiveCfg = Release|Any CPU
		{C75BF931-B606-4BD7-B704-D69AF38E1E55}.Release|Any CPU.Build.0 = Release|Any CPU
		{9612A500-3CF2-41B7-AABF-D92E09036314}.Debug|Any CPU.ActiveCfg = Debug|Any CPU
		{9612A500-3CF2-41B7-AABF-D92E09036314}.Debug|Any CPU.Build.0 = Debug|Any CPU
		{9612A500-3CF2-41B7-AABF-D92E09036314}.Release|Any CPU.ActiveCfg = Release|Any CPU
		{9612A500-3CF2-41B7-AABF-D92E09036314}.Release|Any CPU.Build.0 = Release|Any CPU
	EndGlobalSection
	GlobalSection(SolutionProperties) = preSolution
		HideSolutionNode = FALSE
	EndGlobalSection
	GlobalSection(ExtensibilityGlobals) = postSolution
		SolutionGuid = {23350591-A7EB-4749-BC37-BC43D73573B0}
	EndGlobalSection
EndGlobal
