
Microsoft Visual Studio Solution File, Format Version 12.00
# Visual Studio Version 17
VisualStudioVersion = 17.4.33213.308
MinimumVisualStudioVersion = 10.0.40219.1
Project("{FAE04EC0-301F-11D3-BF4B-00C04F79EFBC}") = "lab5", "lab5\lab5.csproj", "{F53EB97D-145F-40EE-A56B-3E740E2EDC05}"
EndProject
Global
	GlobalSection(SolutionConfigurationPlatforms) = preSolution
		Debug|Any CPU = Debug|Any CPU
		Release|Any CPU = Release|Any CPU
	EndGlobalSection
	GlobalSection(ProjectConfigurationPlatforms) = postSolution
		{F53EB97D-145F-40EE-A56B-3E740E2EDC05}.Debug|Any CPU.ActiveCfg = Debug|Any CPU
		{F53EB97D-145F-40EE-A56B-3E740E2EDC05}.Debug|Any CPU.Build.0 = Debug|Any CPU
		{F53EB97D-145F-40EE-A56B-3E740E2EDC05}.Release|Any CPU.ActiveCfg = Release|Any CPU
		{F53EB97D-145F-40EE-A56B-3E740E2EDC05}.Release|Any CPU.Build.0 = Release|Any CPU
	EndGlobalSection
	GlobalSection(SolutionProperties) = preSolution
		HideSolutionNode = FALSE
	EndGlobalSection
	GlobalSection(ExtensibilityGlobals) = postSolution
		SolutionGuid = {1CF69179-616B-4D3D-A4F9-FE59625B9D97}
	EndGlobalSection
EndGlobal
