
Microsoft Visual Studio Solution File, Format Version 12.00
# Visual Studio Version 17
VisualStudioVersion = 17.3.32825.248
MinimumVisualStudioVersion = 10.0.40219.1
Project("{8BC9CEB8-8B4A-11D0-8D11-00A0C91BC942}") = "lab7", "lab7\lab7.vcxproj", "{081FA24A-3EBC-4E58-9432-8D1AFAE54080}"
EndProject
Project("{8BC9CEB8-8B4A-11D0-8D11-00A0C91BC942}") = "lab7.Tests", "lab7.Tests\lab7.Tests.vcxproj", "{5831C887-06A1-4331-B6C7-6B9BC4759B14}"
EndProject
Global
	GlobalSection(SolutionConfigurationPlatforms) = preSolution
		Debug|x64 = Debug|x64
		Debug|x86 = Debug|x86
		Release|x64 = Release|x64
		Release|x86 = Release|x86
	EndGlobalSection
	GlobalSection(ProjectConfigurationPlatforms) = postSolution
		{081FA24A-3EBC-4E58-9432-8D1AFAE54080}.Debug|x64.ActiveCfg = Debug|x64
		{081FA24A-3EBC-4E58-9432-8D1AFAE54080}.Debug|x64.Build.0 = Debug|x64
		{081FA24A-3EBC-4E58-9432-8D1AFAE54080}.Debug|x86.ActiveCfg = Debug|Win32
		{081FA24A-3EBC-4E58-9432-8D1AFAE54080}.Debug|x86.Build.0 = Debug|Win32
		{081FA24A-3EBC-4E58-9432-8D1AFAE54080}.Release|x64.ActiveCfg = Release|x64
		{081FA24A-3EBC-4E58-9432-8D1AFAE54080}.Release|x64.Build.0 = Release|x64
		{081FA24A-3EBC-4E58-9432-8D1AFAE54080}.Release|x86.ActiveCfg = Release|Win32
		{081FA24A-3EBC-4E58-9432-8D1AFAE54080}.Release|x86.Build.0 = Release|Win32
		{5831C887-06A1-4331-B6C7-6B9BC4759B14}.Debug|x64.ActiveCfg = Debug|x64
		{5831C887-06A1-4331-B6C7-6B9BC4759B14}.Debug|x64.Build.0 = Debug|x64
		{5831C887-06A1-4331-B6C7-6B9BC4759B14}.Debug|x86.ActiveCfg = Debug|Win32
		{5831C887-06A1-4331-B6C7-6B9BC4759B14}.Debug|x86.Build.0 = Debug|Win32
		{5831C887-06A1-4331-B6C7-6B9BC4759B14}.Release|x64.ActiveCfg = Release|x64
		{5831C887-06A1-4331-B6C7-6B9BC4759B14}.Release|x64.Build.0 = Release|x64
		{5831C887-06A1-4331-B6C7-6B9BC4759B14}.Release|x86.ActiveCfg = Release|Win32
		{5831C887-06A1-4331-B6C7-6B9BC4759B14}.Release|x86.Build.0 = Release|Win32
	EndGlobalSection
	GlobalSection(SolutionProperties) = preSolution
		HideSolutionNode = FALSE
	EndGlobalSection
	GlobalSection(ExtensibilityGlobals) = postSolution
		SolutionGuid = {7EEC77D1-31DC-440B-8C3E-C31FD29F74F5}
	EndGlobalSection
EndGlobal
