
Microsoft Visual Studio Solution File, Format Version 12.00
# Visual Studio Version 17
VisualStudioVersion = 17.4.33213.308
MinimumVisualStudioVersion = 10.0.40219.1
Project("{FAE04EC0-301F-11D3-BF4B-00C04F79EFBC}") = "Types", "Types\Types.csproj", "{0E308178-5411-4702-8D34-B632755FD4DF}"
EndProject
Project("{FAE04EC0-301F-11D3-BF4B-00C04F79EFBC}") = "Types.Tests.MSTest", "Types.Tests.MSTest\Types.Tests.MSTest.csproj", "{01B89C48-69A7-4134-8F24-93B417E06C44}"
EndProject
Global
	GlobalSection(SolutionConfigurationPlatforms) = preSolution
		Debug|Any CPU = Debug|Any CPU
		Release|Any CPU = Release|Any CPU
	EndGlobalSection
	GlobalSection(ProjectConfigurationPlatforms) = postSolution
		{0E308178-5411-4702-8D34-B632755FD4DF}.Debug|Any CPU.ActiveCfg = Debug|Any CPU
		{0E308178-5411-4702-8D34-B632755FD4DF}.Debug|Any CPU.Build.0 = Debug|Any CPU
		{0E308178-5411-4702-8D34-B632755FD4DF}.Release|Any CPU.ActiveCfg = Release|Any CPU
		{0E308178-5411-4702-8D34-B632755FD4DF}.Release|Any CPU.Build.0 = Release|Any CPU
		{01B89C48-69A7-4134-8F24-93B417E06C44}.Debug|Any CPU.ActiveCfg = Debug|Any CPU
		{01B89C48-69A7-4134-8F24-93B417E06C44}.Debug|Any CPU.Build.0 = Debug|Any CPU
		{01B89C48-69A7-4134-8F24-93B417E06C44}.Release|Any CPU.ActiveCfg = Release|Any CPU
		{01B89C48-69A7-4134-8F24-93B417E06C44}.Release|Any CPU.Build.0 = Release|Any CPU
	EndGlobalSection
	GlobalSection(SolutionProperties) = preSolution
		HideSolutionNode = FALSE
	EndGlobalSection
	GlobalSection(ExtensibilityGlobals) = postSolution
		SolutionGuid = {33032957-D44F-4442-8C00-5369A349A399}
	EndGlobalSection
EndGlobal
