
Microsoft Visual Studio Solution File, Format Version 12.00
# Visual Studio Version 17
VisualStudioVersion = 17.4.33213.308
MinimumVisualStudioVersion = 10.0.40219.1
Project("{FAE04EC0-301F-11D3-BF4B-00C04F79EFBC}") = "Calculator", "Calculator\Calculator.csproj", "{54E20A3D-1097-4E43-95B2-8DD28181B4F9}"
EndProject
Project("{FAE04EC0-301F-11D3-BF4B-00C04F79EFBC}") = "Calculator.Tests.MSTest", "Calculator.Tests.MSTest\Calculator.Tests.MSTest.csproj", "{1FC0E283-AB3B-4C7F-A5FD-397C80F0E39F}"
EndProject
Project("{9A19103F-16F7-4668-BE54-9A1E7A4F7556}") = "Types", "..\Types\Types\Types.csproj", "{CEC76489-7C5F-4168-BC28-2B158845A355}"
EndProject
Global
	GlobalSection(SolutionConfigurationPlatforms) = preSolution
		Debug|Any CPU = Debug|Any CPU
		Release|Any CPU = Release|Any CPU
	EndGlobalSection
	GlobalSection(ProjectConfigurationPlatforms) = postSolution
		{54E20A3D-1097-4E43-95B2-8DD28181B4F9}.Debug|Any CPU.ActiveCfg = Debug|Any CPU
		{54E20A3D-1097-4E43-95B2-8DD28181B4F9}.Debug|Any CPU.Build.0 = Debug|Any CPU
		{54E20A3D-1097-4E43-95B2-8DD28181B4F9}.Release|Any CPU.ActiveCfg = Release|Any CPU
		{54E20A3D-1097-4E43-95B2-8DD28181B4F9}.Release|Any CPU.Build.0 = Release|Any CPU
		{1FC0E283-AB3B-4C7F-A5FD-397C80F0E39F}.Debug|Any CPU.ActiveCfg = Debug|Any CPU
		{1FC0E283-AB3B-4C7F-A5FD-397C80F0E39F}.Debug|Any CPU.Build.0 = Debug|Any CPU
		{1FC0E283-AB3B-4C7F-A5FD-397C80F0E39F}.Release|Any CPU.ActiveCfg = Release|Any CPU
		{1FC0E283-AB3B-4C7F-A5FD-397C80F0E39F}.Release|Any CPU.Build.0 = Release|Any CPU
		{CEC76489-7C5F-4168-BC28-2B158845A355}.Debug|Any CPU.ActiveCfg = Debug|Any CPU
		{CEC76489-7C5F-4168-BC28-2B158845A355}.Debug|Any CPU.Build.0 = Debug|Any CPU
		{CEC76489-7C5F-4168-BC28-2B158845A355}.Release|Any CPU.ActiveCfg = Release|Any CPU
		{CEC76489-7C5F-4168-BC28-2B158845A355}.Release|Any CPU.Build.0 = Release|Any CPU
	EndGlobalSection
	GlobalSection(SolutionProperties) = preSolution
		HideSolutionNode = FALSE
	EndGlobalSection
	GlobalSection(ExtensibilityGlobals) = postSolution
		SolutionGuid = {1B794010-A709-4DE6-BA1B-8598D5C439E9}
	EndGlobalSection
EndGlobal
