
Microsoft Visual Studio Solution File, Format Version 12.00
# Visual Studio Version 17
VisualStudioVersion = 17.4.33213.308
MinimumVisualStudioVersion = 10.0.40219.1
Project("{FAE04EC0-301F-11D3-BF4B-00C04F79EFBC}") = "lab11", "lab11\lab11.csproj", "{95DFACB1-AB01-4B3B-A3E4-AFA47937BAF3}"
EndProject
Global
	GlobalSection(SolutionConfigurationPlatforms) = preSolution
		Debug|Any CPU = Debug|Any CPU
		Release|Any CPU = Release|Any CPU
	EndGlobalSection
	GlobalSection(ProjectConfigurationPlatforms) = postSolution
		{95DFACB1-AB01-4B3B-A3E4-AFA47937BAF3}.Debug|Any CPU.ActiveCfg = Debug|Any CPU
		{95DFACB1-AB01-4B3B-A3E4-AFA47937BAF3}.Debug|Any CPU.Build.0 = Debug|Any CPU
		{95DFACB1-AB01-4B3B-A3E4-AFA47937BAF3}.Release|Any CPU.ActiveCfg = Release|Any CPU
		{95DFACB1-AB01-4B3B-A3E4-AFA47937BAF3}.Release|Any CPU.Build.0 = Release|Any CPU
	EndGlobalSection
	GlobalSection(SolutionProperties) = preSolution
		HideSolutionNode = FALSE
	EndGlobalSection
	GlobalSection(ExtensibilityGlobals) = postSolution
		SolutionGuid = {565E6A84-1E97-410E-AF2B-FC9B67BC471A}
	EndGlobalSection
EndGlobal
