
Microsoft Visual Studio Solution File, Format Version 12.00
# Visual Studio Version 17
VisualStudioVersion = 17.3.32825.248
MinimumVisualStudioVersion = 10.0.40219.1
Project("{8BC9CEB8-8B4A-11D0-8D11-00A0C91BC942}") = "lab8", "lab8\lab8.vcxproj", "{C584C629-CC3D-4CED-AE20-4A41E6D1E1DB}"
EndProject
Project("{8BC9CEB8-8B4A-11D0-8D11-00A0C91BC942}") = "lab7", "..\lab7\lab7\lab7.vcxproj", "{081FA24A-3EBC-4E58-9432-8D1AFAE54080}"
EndProject
Project("{8BC9CEB8-8B4A-11D0-8D11-00A0C91BC942}") = "lab8.Tests", "lab8.Tests\lab8.Tests.vcxproj", "{ED93732C-5DA4-49F8-8E22-6F7D96D76009}"
EndProject
Global
	GlobalSection(SolutionConfigurationPlatforms) = preSolution
		Debug|x64 = Debug|x64
		Debug|x86 = Debug|x86
		Release|x64 = Release|x64
		Release|x86 = Release|x86
	EndGlobalSection
	GlobalSection(ProjectConfigurationPlatforms) = postSolution
		{C584C629-CC3D-4CED-AE20-4A41E6D1E1DB}.Debug|x64.ActiveCfg = Debug|x64
		{C584C629-CC3D-4CED-AE20-4A41E6D1E1DB}.Debug|x64.Build.0 = Debug|x64
		{C584C629-CC3D-4CED-AE20-4A41E6D1E1DB}.Debug|x86.ActiveCfg = Debug|Win32
		{C584C629-CC3D-4CED-AE20-4A41E6D1E1DB}.Debug|x86.Build.0 = Debug|Win32
		{C584C629-CC3D-4CED-AE20-4A41E6D1E1DB}.Release|x64.ActiveCfg = Release|x64
		{C584C629-CC3D-4CED-AE20-4A41E6D1E1DB}.Release|x64.Build.0 = Release|x64
		{C584C629-CC3D-4CED-AE20-4A41E6D1E1DB}.Release|x86.ActiveCfg = Release|Win32
		{C584C629-CC3D-4CED-AE20-4A41E6D1E1DB}.Release|x86.Build.0 = Release|Win32
		{081FA24A-3EBC-4E58-9432-8D1AFAE54080}.Debug|x64.ActiveCfg = Debug|x64
		{081FA24A-3EBC-4E58-9432-8D1AFAE54080}.Debug|x64.Build.0 = Debug|x64
		{081FA24A-3EBC-4E58-9432-8D1AFAE54080}.Debug|x86.ActiveCfg = Debug|Win32
		{081FA24A-3EBC-4E58-9432-8D1AFAE54080}.Debug|x86.Build.0 = Debug|Win32
		{081FA24A-3EBC-4E58-9432-8D1AFAE54080}.Release|x64.ActiveCfg = Release|x64
		{081FA24A-3EBC-4E58-9432-8D1AFAE54080}.Release|x64.Build.0 = Release|x64
		{081FA24A-3EBC-4E58-9432-8D1AFAE54080}.Release|x86.ActiveCfg = Release|Win32
		{081FA24A-3EBC-4E58-9432-8D1AFAE54080}.Release|x86.Build.0 = Release|Win32
		{ED93732C-5DA4-49F8-8E22-6F7D96D76009}.Debug|x64.ActiveCfg = Debug|x64
		{ED93732C-5DA4-49F8-8E22-6F7D96D76009}.Debug|x64.Build.0 = Debug|x64
		{ED93732C-5DA4-49F8-8E22-6F7D96D76009}.Debug|x86.ActiveCfg = Debug|Win32
		{ED93732C-5DA4-49F8-8E22-6F7D96D76009}.Debug|x86.Build.0 = Debug|Win32
		{ED93732C-5DA4-49F8-8E22-6F7D96D76009}.Release|x64.ActiveCfg = Release|x64
		{ED93732C-5DA4-49F8-8E22-6F7D96D76009}.Release|x64.Build.0 = Release|x64
		{ED93732C-5DA4-49F8-8E22-6F7D96D76009}.Release|x86.ActiveCfg = Release|Win32
		{ED93732C-5DA4-49F8-8E22-6F7D96D76009}.Release|x86.Build.0 = Release|Win32
	EndGlobalSection
	GlobalSection(SolutionProperties) = preSolution
		HideSolutionNode = FALSE
	EndGlobalSection
	GlobalSection(ExtensibilityGlobals) = postSolution
		SolutionGuid = {C39C5F33-F414-43CE-B7E8-228E674541B3}
	EndGlobalSection
EndGlobal
