
Microsoft Visual Studio Solution File, Format Version 12.00
# Visual Studio Version 17
VisualStudioVersion = 17.3.32825.248
MinimumVisualStudioVersion = 10.0.40219.1
Project("{8BC9CEB8-8B4A-11D0-8D11-00A0C91BC942}") = "lab3", "lab3\lab3.vcxproj", "{8E89152F-39BC-424C-A858-DD16DF4312DC}"
EndProject
Project("{8BC9CEB8-8B4A-11D0-8D11-00A0C91BC942}") = "lab3.Tests", "lab3.Tests\lab3.Tests.vcxproj", "{9058E881-40E4-4BDE-ABDA-85325A78CB99}"
EndProject
Global
	GlobalSection(SolutionConfigurationPlatforms) = preSolution
		Debug|x64 = Debug|x64
		Debug|x86 = Debug|x86
		Release|x64 = Release|x64
		Release|x86 = Release|x86
	EndGlobalSection
	GlobalSection(ProjectConfigurationPlatforms) = postSolution
		{8E89152F-39BC-424C-A858-DD16DF4312DC}.Debug|x64.ActiveCfg = Debug|x64
		{8E89152F-39BC-424C-A858-DD16DF4312DC}.Debug|x64.Build.0 = Debug|x64
		{8E89152F-39BC-424C-A858-DD16DF4312DC}.Debug|x86.ActiveCfg = Debug|Win32
		{8E89152F-39BC-424C-A858-DD16DF4312DC}.Debug|x86.Build.0 = Debug|Win32
		{8E89152F-39BC-424C-A858-DD16DF4312DC}.Release|x64.ActiveCfg = Release|x64
		{8E89152F-39BC-424C-A858-DD16DF4312DC}.Release|x64.Build.0 = Release|x64
		{8E89152F-39BC-424C-A858-DD16DF4312DC}.Release|x86.ActiveCfg = Release|Win32
		{8E89152F-39BC-424C-A858-DD16DF4312DC}.Release|x86.Build.0 = Release|Win32
		{9058E881-40E4-4BDE-ABDA-85325A78CB99}.Debug|x64.ActiveCfg = Debug|x64
		{9058E881-40E4-4BDE-ABDA-85325A78CB99}.Debug|x64.Build.0 = Debug|x64
		{9058E881-40E4-4BDE-ABDA-85325A78CB99}.Debug|x86.ActiveCfg = Debug|Win32
		{9058E881-40E4-4BDE-ABDA-85325A78CB99}.Debug|x86.Build.0 = Debug|Win32
		{9058E881-40E4-4BDE-ABDA-85325A78CB99}.Release|x64.ActiveCfg = Release|x64
		{9058E881-40E4-4BDE-ABDA-85325A78CB99}.Release|x64.Build.0 = Release|x64
		{9058E881-40E4-4BDE-ABDA-85325A78CB99}.Release|x86.ActiveCfg = Release|Win32
		{9058E881-40E4-4BDE-ABDA-85325A78CB99}.Release|x86.Build.0 = Release|Win32
	EndGlobalSection
	GlobalSection(SolutionProperties) = preSolution
		HideSolutionNode = FALSE
	EndGlobalSection
	GlobalSection(ExtensibilityGlobals) = postSolution
		SolutionGuid = {918727A0-4147-4A42-B2DB-AC79C2DA978B}
	EndGlobalSection
EndGlobal
