
Microsoft Visual Studio Solution File, Format Version 12.00
# Visual Studio Version 17
VisualStudioVersion = 17.3.32922.545
MinimumVisualStudioVersion = 10.0.40219.1
Project("{8BC9CEB8-8B4A-11D0-8D11-00A0C91BC942}") = "lab12", "lab12\lab12.vcxproj", "{F9B7B4A9-6DEF-4965-9011-63F8C65278FB}"
EndProject
Project("{8BC9CEB8-8B4A-11D0-8D11-00A0C91BC942}") = "lab12.Tests", "lab12.Tests\lab12.Tests.vcxproj", "{F26467EC-F812-476B-B295-5C2E442AD627}"
EndProject
Global
	GlobalSection(SolutionConfigurationPlatforms) = preSolution
		Debug|x64 = Debug|x64
		Debug|x86 = Debug|x86
		Release|x64 = Release|x64
		Release|x86 = Release|x86
	EndGlobalSection
	GlobalSection(ProjectConfigurationPlatforms) = postSolution
		{F9B7B4A9-6DEF-4965-9011-63F8C65278FB}.Debug|x64.ActiveCfg = Debug|x64
		{F9B7B4A9-6DEF-4965-9011-63F8C65278FB}.Debug|x64.Build.0 = Debug|x64
		{F9B7B4A9-6DEF-4965-9011-63F8C65278FB}.Debug|x86.ActiveCfg = Debug|Win32
		{F9B7B4A9-6DEF-4965-9011-63F8C65278FB}.Debug|x86.Build.0 = Debug|Win32
		{F9B7B4A9-6DEF-4965-9011-63F8C65278FB}.Release|x64.ActiveCfg = Release|x64
		{F9B7B4A9-6DEF-4965-9011-63F8C65278FB}.Release|x64.Build.0 = Release|x64
		{F9B7B4A9-6DEF-4965-9011-63F8C65278FB}.Release|x86.ActiveCfg = Release|Win32
		{F9B7B4A9-6DEF-4965-9011-63F8C65278FB}.Release|x86.Build.0 = Release|Win32
		{F26467EC-F812-476B-B295-5C2E442AD627}.Debug|x64.ActiveCfg = Debug|x64
		{F26467EC-F812-476B-B295-5C2E442AD627}.Debug|x64.Build.0 = Debug|x64
		{F26467EC-F812-476B-B295-5C2E442AD627}.Debug|x86.ActiveCfg = Debug|Win32
		{F26467EC-F812-476B-B295-5C2E442AD627}.Debug|x86.Build.0 = Debug|Win32
		{F26467EC-F812-476B-B295-5C2E442AD627}.Release|x64.ActiveCfg = Release|x64
		{F26467EC-F812-476B-B295-5C2E442AD627}.Release|x64.Build.0 = Release|x64
		{F26467EC-F812-476B-B295-5C2E442AD627}.Release|x86.ActiveCfg = Release|Win32
		{F26467EC-F812-476B-B295-5C2E442AD627}.Release|x86.Build.0 = Release|Win32
	EndGlobalSection
	GlobalSection(SolutionProperties) = preSolution
		HideSolutionNode = FALSE
	EndGlobalSection
	GlobalSection(ExtensibilityGlobals) = postSolution
		SolutionGuid = {AE31F3CA-736A-4BD9-975B-0EFD1BC97DEB}
	EndGlobalSection
EndGlobal
