
Microsoft Visual Studio Solution File, Format Version 12.00
# Visual Studio Version 17
VisualStudioVersion = 17.3.32922.545
MinimumVisualStudioVersion = 10.0.40219.1
Project("{9A19103F-16F7-4668-BE54-9A1E7A4F7556}") = "lab15", "lab15\lab15.csproj", "{1D77078D-6A02-478D-9641-0835BF4E526C}"
EndProject
Project("{9A19103F-16F7-4668-BE54-9A1E7A4F7556}") = "lab15.Core", "lab15.Core\lab15.Core.csproj", "{442F56A8-EA7F-4C7A-BD4E-12CD519E7E6B}"
EndProject
Project("{9A19103F-16F7-4668-BE54-9A1E7A4F7556}") = "lab15.Tests.MSTest", "lab15.Tests.MSTest\lab15.Tests.MSTest.csproj", "{C53981E9-F2A0-4687-9155-0A4CC11B1CB5}"
EndProject
Project("{9A19103F-16F7-4668-BE54-9A1E7A4F7556}") = "lab15.Console", "lab15.Console\lab15.Console.csproj", "{BDBE7893-B33D-46E9-8D54-4D2D3DB10B2B}"
EndProject
Project("{FAE04EC0-301F-11D3-BF4B-00C04F79EFBC}") = "lab15.Models", "lab15.Models\lab15.Models.csproj", "{94F9275E-C49A-4822-8766-43342EF49027}"
EndProject
Global
	GlobalSection(SolutionConfigurationPlatforms) = preSolution
		Debug|Any CPU = Debug|Any CPU
		Debug|arm64 = Debug|arm64
		Debug|x64 = Debug|x64
		Debug|x86 = Debug|x86
		Release|Any CPU = Release|Any CPU
		Release|arm64 = Release|arm64
		Release|x64 = Release|x64
		Release|x86 = Release|x86
	EndGlobalSection
	GlobalSection(ProjectConfigurationPlatforms) = postSolution
		{1D77078D-6A02-478D-9641-0835BF4E526C}.Debug|Any CPU.ActiveCfg = Debug|x64
		{1D77078D-6A02-478D-9641-0835BF4E526C}.Debug|Any CPU.Build.0 = Debug|x64
		{1D77078D-6A02-478D-9641-0835BF4E526C}.Debug|Any CPU.Deploy.0 = Debug|x64
		{1D77078D-6A02-478D-9641-0835BF4E526C}.Debug|arm64.ActiveCfg = Debug|arm64
		{1D77078D-6A02-478D-9641-0835BF4E526C}.Debug|arm64.Build.0 = Debug|arm64
		{1D77078D-6A02-478D-9641-0835BF4E526C}.Debug|arm64.Deploy.0 = Debug|arm64
		{1D77078D-6A02-478D-9641-0835BF4E526C}.Debug|x64.ActiveCfg = Debug|x64
		{1D77078D-6A02-478D-9641-0835BF4E526C}.Debug|x64.Build.0 = Debug|x64
		{1D77078D-6A02-478D-9641-0835BF4E526C}.Debug|x64.Deploy.0 = Debug|x64
		{1D77078D-6A02-478D-9641-0835BF4E526C}.Debug|x86.ActiveCfg = Debug|x86
		{1D77078D-6A02-478D-9641-0835BF4E526C}.Debug|x86.Build.0 = Debug|x86
		{1D77078D-6A02-478D-9641-0835BF4E526C}.Debug|x86.Deploy.0 = Debug|x86
		{1D77078D-6A02-478D-9641-0835BF4E526C}.Release|Any CPU.ActiveCfg = Release|x64
		{1D77078D-6A02-478D-9641-0835BF4E526C}.Release|Any CPU.Build.0 = Release|x64
		{1D77078D-6A02-478D-9641-0835BF4E526C}.Release|Any CPU.Deploy.0 = Release|x64
		{1D77078D-6A02-478D-9641-0835BF4E526C}.Release|arm64.ActiveCfg = Release|arm64
		{1D77078D-6A02-478D-9641-0835BF4E526C}.Release|arm64.Build.0 = Release|arm64
		{1D77078D-6A02-478D-9641-0835BF4E526C}.Release|arm64.Deploy.0 = Release|arm64
		{1D77078D-6A02-478D-9641-0835BF4E526C}.Release|x64.ActiveCfg = Release|x64
		{1D77078D-6A02-478D-9641-0835BF4E526C}.Release|x64.Build.0 = Release|x64
		{1D77078D-6A02-478D-9641-0835BF4E526C}.Release|x64.Deploy.0 = Release|x64
		{1D77078D-6A02-478D-9641-0835BF4E526C}.Release|x86.ActiveCfg = Release|x86
		{1D77078D-6A02-478D-9641-0835BF4E526C}.Release|x86.Build.0 = Release|x86
		{1D77078D-6A02-478D-9641-0835BF4E526C}.Release|x86.Deploy.0 = Release|x86
		{442F56A8-EA7F-4C7A-BD4E-12CD519E7E6B}.Debug|Any CPU.ActiveCfg = Debug|Any CPU
		{442F56A8-EA7F-4C7A-BD4E-12CD519E7E6B}.Debug|Any CPU.Build.0 = Debug|Any CPU
		{442F56A8-EA7F-4C7A-BD4E-12CD519E7E6B}.Debug|arm64.ActiveCfg = Debug|arm64
		{442F56A8-EA7F-4C7A-BD4E-12CD519E7E6B}.Debug|arm64.Build.0 = Debug|arm64
		{442F56A8-EA7F-4C7A-BD4E-12CD519E7E6B}.Debug|x64.ActiveCfg = Debug|x64
		{442F56A8-EA7F-4C7A-BD4E-12CD519E7E6B}.Debug|x64.Build.0 = Debug|x64
		{442F56A8-EA7F-4C7A-BD4E-12CD519E7E6B}.Debug|x86.ActiveCfg = Debug|x86
		{442F56A8-EA7F-4C7A-BD4E-12CD519E7E6B}.Debug|x86.Build.0 = Debug|x86
		{442F56A8-EA7F-4C7A-BD4E-12CD519E7E6B}.Release|Any CPU.ActiveCfg = Release|Any CPU
		{442F56A8-EA7F-4C7A-BD4E-12CD519E7E6B}.Release|Any CPU.Build.0 = Release|Any CPU
		{442F56A8-EA7F-4C7A-BD4E-12CD519E7E6B}.Release|arm64.ActiveCfg = Release|arm64
		{442F56A8-EA7F-4C7A-BD4E-12CD519E7E6B}.Release|arm64.Build.0 = Release|arm64
		{442F56A8-EA7F-4C7A-BD4E-12CD519E7E6B}.Release|x64.ActiveCfg = Release|x64
		{442F56A8-EA7F-4C7A-BD4E-12CD519E7E6B}.Release|x64.Build.0 = Release|x64
		{442F56A8-EA7F-4C7A-BD4E-12CD519E7E6B}.Release|x86.ActiveCfg = Release|x86
		{442F56A8-EA7F-4C7A-BD4E-12CD519E7E6B}.Release|x86.Build.0 = Release|x86
		{C53981E9-F2A0-4687-9155-0A4CC11B1CB5}.Debug|Any CPU.ActiveCfg = Debug|x64
		{C53981E9-F2A0-4687-9155-0A4CC11B1CB5}.Debug|Any CPU.Build.0 = Debug|x64
		{C53981E9-F2A0-4687-9155-0A4CC11B1CB5}.Debug|arm64.ActiveCfg = Debug|arm64
		{C53981E9-F2A0-4687-9155-0A4CC11B1CB5}.Debug|arm64.Build.0 = Debug|arm64
		{C53981E9-F2A0-4687-9155-0A4CC11B1CB5}.Debug|x64.ActiveCfg = Debug|x64
		{C53981E9-F2A0-4687-9155-0A4CC11B1CB5}.Debug|x64.Build.0 = Debug|x64
		{C53981E9-F2A0-4687-9155-0A4CC11B1CB5}.Debug|x86.ActiveCfg = Debug|x86
		{C53981E9-F2A0-4687-9155-0A4CC11B1CB5}.Debug|x86.Build.0 = Debug|x86
		{C53981E9-F2A0-4687-9155-0A4CC11B1CB5}.Release|Any CPU.ActiveCfg = Release|x64
		{C53981E9-F2A0-4687-9155-0A4CC11B1CB5}.Release|Any CPU.Build.0 = Release|x64
		{C53981E9-F2A0-4687-9155-0A4CC11B1CB5}.Release|arm64.ActiveCfg = Release|arm64
		{C53981E9-F2A0-4687-9155-0A4CC11B1CB5}.Release|arm64.Build.0 = Release|arm64
		{C53981E9-F2A0-4687-9155-0A4CC11B1CB5}.Release|x64.ActiveCfg = Release|x64
		{C53981E9-F2A0-4687-9155-0A4CC11B1CB5}.Release|x64.Build.0 = Release|x64
		{C53981E9-F2A0-4687-9155-0A4CC11B1CB5}.Release|x86.ActiveCfg = Release|x86
		{C53981E9-F2A0-4687-9155-0A4CC11B1CB5}.Release|x86.Build.0 = Release|x86
		{BDBE7893-B33D-46E9-8D54-4D2D3DB10B2B}.Debug|Any CPU.ActiveCfg = Debug|Any CPU
		{BDBE7893-B33D-46E9-8D54-4D2D3DB10B2B}.Debug|Any CPU.Build.0 = Debug|Any CPU
		{BDBE7893-B33D-46E9-8D54-4D2D3DB10B2B}.Debug|arm64.ActiveCfg = Debug|Any CPU
		{BDBE7893-B33D-46E9-8D54-4D2D3DB10B2B}.Debug|arm64.Build.0 = Debug|Any CPU
		{BDBE7893-B33D-46E9-8D54-4D2D3DB10B2B}.Debug|x64.ActiveCfg = Debug|Any CPU
		{BDBE7893-B33D-46E9-8D54-4D2D3DB10B2B}.Debug|x64.Build.0 = Debug|Any CPU
		{BDBE7893-B33D-46E9-8D54-4D2D3DB10B2B}.Debug|x86.ActiveCfg = Debug|Any CPU
		{BDBE7893-B33D-46E9-8D54-4D2D3DB10B2B}.Debug|x86.Build.0 = Debug|Any CPU
		{BDBE7893-B33D-46E9-8D54-4D2D3DB10B2B}.Release|Any CPU.ActiveCfg = Release|Any CPU
		{BDBE7893-B33D-46E9-8D54-4D2D3DB10B2B}.Release|Any CPU.Build.0 = Release|Any CPU
		{BDBE7893-B33D-46E9-8D54-4D2D3DB10B2B}.Release|arm64.ActiveCfg = Release|Any CPU
		{BDBE7893-B33D-46E9-8D54-4D2D3DB10B2B}.Release|arm64.Build.0 = Release|Any CPU
		{BDBE7893-B33D-46E9-8D54-4D2D3DB10B2B}.Release|x64.ActiveCfg = Release|Any CPU
		{BDBE7893-B33D-46E9-8D54-4D2D3DB10B2B}.Release|x64.Build.0 = Release|Any CPU
		{BDBE7893-B33D-46E9-8D54-4D2D3DB10B2B}.Release|x86.ActiveCfg = Release|Any CPU
		{BDBE7893-B33D-46E9-8D54-4D2D3DB10B2B}.Release|x86.Build.0 = Release|Any CPU
		{94F9275E-C49A-4822-8766-43342EF49027}.Debug|Any CPU.ActiveCfg = Debug|Any CPU
		{94F9275E-C49A-4822-8766-43342EF49027}.Debug|Any CPU.Build.0 = Debug|Any CPU
		{94F9275E-C49A-4822-8766-43342EF49027}.Debug|arm64.ActiveCfg = Debug|Any CPU
		{94F9275E-C49A-4822-8766-43342EF49027}.Debug|arm64.Build.0 = Debug|Any CPU
		{94F9275E-C49A-4822-8766-43342EF49027}.Debug|x64.ActiveCfg = Debug|Any CPU
		{94F9275E-C49A-4822-8766-43342EF49027}.Debug|x64.Build.0 = Debug|Any CPU
		{94F9275E-C49A-4822-8766-43342EF49027}.Debug|x86.ActiveCfg = Debug|Any CPU
		{94F9275E-C49A-4822-8766-43342EF49027}.Debug|x86.Build.0 = Debug|Any CPU
		{94F9275E-C49A-4822-8766-43342EF49027}.Release|Any CPU.ActiveCfg = Release|Any CPU
		{94F9275E-C49A-4822-8766-43342EF49027}.Release|Any CPU.Build.0 = Release|Any CPU
		{94F9275E-C49A-4822-8766-43342EF49027}.Release|arm64.ActiveCfg = Release|Any CPU
		{94F9275E-C49A-4822-8766-43342EF49027}.Release|arm64.Build.0 = Release|Any CPU
		{94F9275E-C49A-4822-8766-43342EF49027}.Release|x64.ActiveCfg = Release|Any CPU
		{94F9275E-C49A-4822-8766-43342EF49027}.Release|x64.Build.0 = Release|Any CPU
		{94F9275E-C49A-4822-8766-43342EF49027}.Release|x86.ActiveCfg = Release|Any CPU
		{94F9275E-C49A-4822-8766-43342EF49027}.Release|x86.Build.0 = Release|Any CPU
	EndGlobalSection
	GlobalSection(SolutionProperties) = preSolution
		HideSolutionNode = FALSE
	EndGlobalSection
	GlobalSection(ExtensibilityGlobals) = postSolution
		SolutionGuid = {830D95DF-541F-4331-ABD4-0475B58CA74A}
	EndGlobalSection
EndGlobal
