
Microsoft Visual Studio Solution File, Format Version 12.00
# Visual Studio Version 17
VisualStudioVersion = 17.3.32825.248
MinimumVisualStudioVersion = 10.0.40219.1
Project("{8BC9CEB8-8B4A-11D0-8D11-00A0C91BC942}") = "lab6", "lab6\lab6.vcxproj", "{4173CFD6-7C2F-469B-A392-99045EAE889F}"
EndProject
Project("{8BC9CEB8-8B4A-11D0-8D11-00A0C91BC942}") = "lab6.Tests", "lab6.Tests\lab6.Tests.vcxproj", "{0CF40FF0-1FE3-4E59-A6CB-EC5194B5D07A}"
EndProject
Global
	GlobalSection(SolutionConfigurationPlatforms) = preSolution
		Debug|x64 = Debug|x64
		Debug|x86 = Debug|x86
		Release|x64 = Release|x64
		Release|x86 = Release|x86
	EndGlobalSection
	GlobalSection(ProjectConfigurationPlatforms) = postSolution
		{4173CFD6-7C2F-469B-A392-99045EAE889F}.Debug|x64.ActiveCfg = Debug|x64
		{4173CFD6-7C2F-469B-A392-99045EAE889F}.Debug|x64.Build.0 = Debug|x64
		{4173CFD6-7C2F-469B-A392-99045EAE889F}.Debug|x86.ActiveCfg = Debug|Win32
		{4173CFD6-7C2F-469B-A392-99045EAE889F}.Debug|x86.Build.0 = Debug|Win32
		{4173CFD6-7C2F-469B-A392-99045EAE889F}.Release|x64.ActiveCfg = Release|x64
		{4173CFD6-7C2F-469B-A392-99045EAE889F}.Release|x64.Build.0 = Release|x64
		{4173CFD6-7C2F-469B-A392-99045EAE889F}.Release|x86.ActiveCfg = Release|Win32
		{4173CFD6-7C2F-469B-A392-99045EAE889F}.Release|x86.Build.0 = Release|Win32
		{0CF40FF0-1FE3-4E59-A6CB-EC5194B5D07A}.Debug|x64.ActiveCfg = Debug|x64
		{0CF40FF0-1FE3-4E59-A6CB-EC5194B5D07A}.Debug|x64.Build.0 = Debug|x64
		{0CF40FF0-1FE3-4E59-A6CB-EC5194B5D07A}.Debug|x86.ActiveCfg = Debug|Win32
		{0CF40FF0-1FE3-4E59-A6CB-EC5194B5D07A}.Debug|x86.Build.0 = Debug|Win32
		{0CF40FF0-1FE3-4E59-A6CB-EC5194B5D07A}.Release|x64.ActiveCfg = Release|x64
		{0CF40FF0-1FE3-4E59-A6CB-EC5194B5D07A}.Release|x64.Build.0 = Release|x64
		{0CF40FF0-1FE3-4E59-A6CB-EC5194B5D07A}.Release|x86.ActiveCfg = Release|Win32
		{0CF40FF0-1FE3-4E59-A6CB-EC5194B5D07A}.Release|x86.Build.0 = Release|Win32
	EndGlobalSection
	GlobalSection(SolutionProperties) = preSolution
		HideSolutionNode = FALSE
	EndGlobalSection
	GlobalSection(ExtensibilityGlobals) = postSolution
		SolutionGuid = {E3B5710F-D523-415B-A0CF-6162A8CE1FAE}
	EndGlobalSection
EndGlobal
