
Microsoft Visual Studio Solution File, Format Version 12.00
# Visual Studio Version 17
VisualStudioVersion = 17.4.33213.308
MinimumVisualStudioVersion = 10.0.40219.1
Project("{9A19103F-16F7-4668-BE54-9A1E7A4F7556}") = "rgr", "rgr\rgr.csproj", "{8D46B95E-DBC1-402B-9C0F-F3217ABCD9A8}"
EndProject
Project("{9A19103F-16F7-4668-BE54-9A1E7A4F7556}") = "rgr.Core", "rgr.Core\rgr.Core.csproj", "{A0B27123-0145-4901-96B8-FC89FAE8E854}"
EndProject
Project("{9A19103F-16F7-4668-BE54-9A1E7A4F7556}") = "rgr.Tests.MSTest", "rgr.Tests.MSTest\rgr.Tests.MSTest.csproj", "{FEA85E96-700A-40BD-B5E1-A54EF9D35099}"
EndProject
Project("{9A19103F-16F7-4668-BE54-9A1E7A4F7556}") = "lab9", "..\lab9\lab9\lab9.csproj", "{FB22993F-5F96-42EE-81FB-9621C9CEE134}"
EndProject
Project("{9A19103F-16F7-4668-BE54-9A1E7A4F7556}") = "lab5", "..\lab5\lab5\lab5.csproj", "{95579A29-F7F9-458F-BA95-ACFF7DC36F64}"
EndProject
Project("{9A19103F-16F7-4668-BE54-9A1E7A4F7556}") = "lab6", "..\lab6\lab6\lab6.csproj", "{0E31623C-93ED-481B-AB22-8B2EBD2D14EF}"
EndProject
Project("{9A19103F-16F7-4668-BE54-9A1E7A4F7556}") = "lab11", "..\lab11\lab11\lab11.csproj", "{609A939B-D700-47B9-8D22-04AECF0616AA}"
EndProject
Project("{9A19103F-16F7-4668-BE54-9A1E7A4F7556}") = "lab7", "..\lab7\lab7\lab7.csproj", "{BC19C89B-43F5-48A0-B0AB-AB8E7E16F649}"
EndProject
Project("{9A19103F-16F7-4668-BE54-9A1E7A4F7556}") = "lab8", "..\lab8\lab8\lab8.csproj", "{FC9E1C78-4C6B-4173-81E4-F6B28A6C5EBA}"
EndProject
Project("{9A19103F-16F7-4668-BE54-9A1E7A4F7556}") = "lab10", "..\lab10\lab10\lab10.csproj", "{B9D07A88-3A25-4786-90C9-7F385A4D71D2}"
EndProject
Project("{FAE04EC0-301F-11D3-BF4B-00C04F79EFBC}") = "lab5.Tests.MSTest", "lab5.Tests.MSTest\lab5.Tests.MSTest.csproj", "{9B6EAF90-BDC1-4F4D-A0A8-650784F29D8A}"
EndProject
Project("{FAE04EC0-301F-11D3-BF4B-00C04F79EFBC}") = "lab6.Tests.MSTest", "lab6.Tests.MSTest\lab6.Tests.MSTest.csproj", "{2F877E1B-DAC3-4D3B-9C1B-037EAD532430}"
EndProject
Project("{FAE04EC0-301F-11D3-BF4B-00C04F79EFBC}") = "lab7.Tests.MSTest", "lab7.Tests.MSTest\lab7.Tests.MSTest.csproj", "{C4C82A01-1422-4F91-B371-4F2787FB64CE}"
EndProject
Project("{FAE04EC0-301F-11D3-BF4B-00C04F79EFBC}") = "lab8.Tests.MSTest", "lab8.Tests.MSTest\lab8.Tests.MSTest.csproj", "{5300CFE0-D1AE-4DA8-93E4-3132D23F93CA}"
EndProject
Project("{FAE04EC0-301F-11D3-BF4B-00C04F79EFBC}") = "lab9.Tests.MSTest", "lab9.Tests.MSTest\lab9.Tests.MSTest.csproj", "{0CE30130-FFF5-42D8-8686-B0E7BF3BE932}"
EndProject
Project("{FAE04EC0-301F-11D3-BF4B-00C04F79EFBC}") = "lab10.Tests.MSTest", "lab10.Tests.MSTest\lab10.Tests.MSTest.csproj", "{A1CBDD05-95BB-439B-B001-152E19B44533}"
EndProject
Project("{FAE04EC0-301F-11D3-BF4B-00C04F79EFBC}") = "lab11.Tests.MSTest", "lab11.Tests.MSTest\lab11.Tests.MSTest.csproj", "{AE61B034-2363-4A31-9751-9E8DD41CFD9C}"
EndProject
Project("{FAE04EC0-301F-11D3-BF4B-00C04F79EFBC}") = "lab12", "lab12\lab12.csproj", "{935EC67A-B10E-4852-B2E5-6D67FCAE650B}"
EndProject
Project("{FAE04EC0-301F-11D3-BF4B-00C04F79EFBC}") = "lab12.Tests.MSTest", "lab12.Tests.MSTest\lab12.Tests.MSTest.csproj", "{82477E84-7BBE-4AA7-A382-1370FB064E5A}"
EndProject
Global
	GlobalSection(SolutionConfigurationPlatforms) = preSolution
		Debug|Any CPU = Debug|Any CPU
		Debug|arm64 = Debug|arm64
		Debug|x64 = Debug|x64
		Debug|x86 = Debug|x86
		Release|Any CPU = Release|Any CPU
		Release|arm64 = Release|arm64
		Release|x64 = Release|x64
		Release|x86 = Release|x86
	EndGlobalSection
	GlobalSection(ProjectConfigurationPlatforms) = postSolution
		{8D46B95E-DBC1-402B-9C0F-F3217ABCD9A8}.Debug|Any CPU.ActiveCfg = Debug|x64
		{8D46B95E-DBC1-402B-9C0F-F3217ABCD9A8}.Debug|Any CPU.Build.0 = Debug|x64
		{8D46B95E-DBC1-402B-9C0F-F3217ABCD9A8}.Debug|Any CPU.Deploy.0 = Debug|x64
		{8D46B95E-DBC1-402B-9C0F-F3217ABCD9A8}.Debug|arm64.ActiveCfg = Debug|arm64
		{8D46B95E-DBC1-402B-9C0F-F3217ABCD9A8}.Debug|arm64.Build.0 = Debug|arm64
		{8D46B95E-DBC1-402B-9C0F-F3217ABCD9A8}.Debug|arm64.Deploy.0 = Debug|arm64
		{8D46B95E-DBC1-402B-9C0F-F3217ABCD9A8}.Debug|x64.ActiveCfg = Debug|x64
		{8D46B95E-DBC1-402B-9C0F-F3217ABCD9A8}.Debug|x64.Build.0 = Debug|x64
		{8D46B95E-DBC1-402B-9C0F-F3217ABCD9A8}.Debug|x64.Deploy.0 = Debug|x64
		{8D46B95E-DBC1-402B-9C0F-F3217ABCD9A8}.Debug|x86.ActiveCfg = Debug|x86
		{8D46B95E-DBC1-402B-9C0F-F3217ABCD9A8}.Debug|x86.Build.0 = Debug|x86
		{8D46B95E-DBC1-402B-9C0F-F3217ABCD9A8}.Debug|x86.Deploy.0 = Debug|x86
		{8D46B95E-DBC1-402B-9C0F-F3217ABCD9A8}.Release|Any CPU.ActiveCfg = Release|x64
		{8D46B95E-DBC1-402B-9C0F-F3217ABCD9A8}.Release|Any CPU.Build.0 = Release|x64
		{8D46B95E-DBC1-402B-9C0F-F3217ABCD9A8}.Release|Any CPU.Deploy.0 = Release|x64
		{8D46B95E-DBC1-402B-9C0F-F3217ABCD9A8}.Release|arm64.ActiveCfg = Release|arm64
		{8D46B95E-DBC1-402B-9C0F-F3217ABCD9A8}.Release|arm64.Build.0 = Release|arm64
		{8D46B95E-DBC1-402B-9C0F-F3217ABCD9A8}.Release|arm64.Deploy.0 = Release|arm64
		{8D46B95E-DBC1-402B-9C0F-F3217ABCD9A8}.Release|x64.ActiveCfg = Release|x64
		{8D46B95E-DBC1-402B-9C0F-F3217ABCD9A8}.Release|x64.Build.0 = Release|x64
		{8D46B95E-DBC1-402B-9C0F-F3217ABCD9A8}.Release|x64.Deploy.0 = Release|x64
		{8D46B95E-DBC1-402B-9C0F-F3217ABCD9A8}.Release|x86.ActiveCfg = Release|x86
		{8D46B95E-DBC1-402B-9C0F-F3217ABCD9A8}.Release|x86.Build.0 = Release|x86
		{8D46B95E-DBC1-402B-9C0F-F3217ABCD9A8}.Release|x86.Deploy.0 = Release|x86
		{A0B27123-0145-4901-96B8-FC89FAE8E854}.Debug|Any CPU.ActiveCfg = Debug|Any CPU
		{A0B27123-0145-4901-96B8-FC89FAE8E854}.Debug|Any CPU.Build.0 = Debug|Any CPU
		{A0B27123-0145-4901-96B8-FC89FAE8E854}.Debug|arm64.ActiveCfg = Debug|arm64
		{A0B27123-0145-4901-96B8-FC89FAE8E854}.Debug|arm64.Build.0 = Debug|arm64
		{A0B27123-0145-4901-96B8-FC89FAE8E854}.Debug|x64.ActiveCfg = Debug|x64
		{A0B27123-0145-4901-96B8-FC89FAE8E854}.Debug|x64.Build.0 = Debug|x64
		{A0B27123-0145-4901-96B8-FC89FAE8E854}.Debug|x86.ActiveCfg = Debug|x86
		{A0B27123-0145-4901-96B8-FC89FAE8E854}.Debug|x86.Build.0 = Debug|x86
		{A0B27123-0145-4901-96B8-FC89FAE8E854}.Release|Any CPU.ActiveCfg = Release|Any CPU
		{A0B27123-0145-4901-96B8-FC89FAE8E854}.Release|Any CPU.Build.0 = Release|Any CPU
		{A0B27123-0145-4901-96B8-FC89FAE8E854}.Release|arm64.ActiveCfg = Release|arm64
		{A0B27123-0145-4901-96B8-FC89FAE8E854}.Release|arm64.Build.0 = Release|arm64
		{A0B27123-0145-4901-96B8-FC89FAE8E854}.Release|x64.ActiveCfg = Release|x64
		{A0B27123-0145-4901-96B8-FC89FAE8E854}.Release|x64.Build.0 = Release|x64
		{A0B27123-0145-4901-96B8-FC89FAE8E854}.Release|x86.ActiveCfg = Release|x86
		{A0B27123-0145-4901-96B8-FC89FAE8E854}.Release|x86.Build.0 = Release|x86
		{FEA85E96-700A-40BD-B5E1-A54EF9D35099}.Debug|Any CPU.ActiveCfg = Debug|x64
		{FEA85E96-700A-40BD-B5E1-A54EF9D35099}.Debug|Any CPU.Build.0 = Debug|x64
		{FEA85E96-700A-40BD-B5E1-A54EF9D35099}.Debug|arm64.ActiveCfg = Debug|arm64
		{FEA85E96-700A-40BD-B5E1-A54EF9D35099}.Debug|arm64.Build.0 = Debug|arm64
		{FEA85E96-700A-40BD-B5E1-A54EF9D35099}.Debug|x64.ActiveCfg = Debug|x64
		{FEA85E96-700A-40BD-B5E1-A54EF9D35099}.Debug|x64.Build.0 = Debug|x64
		{FEA85E96-700A-40BD-B5E1-A54EF9D35099}.Debug|x86.ActiveCfg = Debug|x86
		{FEA85E96-700A-40BD-B5E1-A54EF9D35099}.Debug|x86.Build.0 = Debug|x86
		{FEA85E96-700A-40BD-B5E1-A54EF9D35099}.Release|Any CPU.ActiveCfg = Release|x64
		{FEA85E96-700A-40BD-B5E1-A54EF9D35099}.Release|Any CPU.Build.0 = Release|x64
		{FEA85E96-700A-40BD-B5E1-A54EF9D35099}.Release|arm64.ActiveCfg = Release|arm64
		{FEA85E96-700A-40BD-B5E1-A54EF9D35099}.Release|arm64.Build.0 = Release|arm64
		{FEA85E96-700A-40BD-B5E1-A54EF9D35099}.Release|x64.ActiveCfg = Release|x64
		{FEA85E96-700A-40BD-B5E1-A54EF9D35099}.Release|x64.Build.0 = Release|x64
		{FEA85E96-700A-40BD-B5E1-A54EF9D35099}.Release|x86.ActiveCfg = Release|x86
		{FEA85E96-700A-40BD-B5E1-A54EF9D35099}.Release|x86.Build.0 = Release|x86
		{FB22993F-5F96-42EE-81FB-9621C9CEE134}.Debug|Any CPU.ActiveCfg = Debug|Any CPU
		{FB22993F-5F96-42EE-81FB-9621C9CEE134}.Debug|Any CPU.Build.0 = Debug|Any CPU
		{FB22993F-5F96-42EE-81FB-9621C9CEE134}.Debug|arm64.ActiveCfg = Debug|Any CPU
		{FB22993F-5F96-42EE-81FB-9621C9CEE134}.Debug|arm64.Build.0 = Debug|Any CPU
		{FB22993F-5F96-42EE-81FB-9621C9CEE134}.Debug|x64.ActiveCfg = Debug|Any CPU
		{FB22993F-5F96-42EE-81FB-9621C9CEE134}.Debug|x64.Build.0 = Debug|Any CPU
		{FB22993F-5F96-42EE-81FB-9621C9CEE134}.Debug|x86.ActiveCfg = Debug|Any CPU
		{FB22993F-5F96-42EE-81FB-9621C9CEE134}.Debug|x86.Build.0 = Debug|Any CPU
		{FB22993F-5F96-42EE-81FB-9621C9CEE134}.Release|Any CPU.ActiveCfg = Release|Any CPU
		{FB22993F-5F96-42EE-81FB-9621C9CEE134}.Release|Any CPU.Build.0 = Release|Any CPU
		{FB22993F-5F96-42EE-81FB-9621C9CEE134}.Release|arm64.ActiveCfg = Release|Any CPU
		{FB22993F-5F96-42EE-81FB-9621C9CEE134}.Release|arm64.Build.0 = Release|Any CPU
		{FB22993F-5F96-42EE-81FB-9621C9CEE134}.Release|x64.ActiveCfg = Release|Any CPU
		{FB22993F-5F96-42EE-81FB-9621C9CEE134}.Release|x64.Build.0 = Release|Any CPU
		{FB22993F-5F96-42EE-81FB-9621C9CEE134}.Release|x86.ActiveCfg = Release|Any CPU
		{FB22993F-5F96-42EE-81FB-9621C9CEE134}.Release|x86.Build.0 = Release|Any CPU
		{95579A29-F7F9-458F-BA95-ACFF7DC36F64}.Debug|Any CPU.ActiveCfg = Debug|Any CPU
		{95579A29-F7F9-458F-BA95-ACFF7DC36F64}.Debug|Any CPU.Build.0 = Debug|Any CPU
		{95579A29-F7F9-458F-BA95-ACFF7DC36F64}.Debug|arm64.ActiveCfg = Debug|Any CPU
		{95579A29-F7F9-458F-BA95-ACFF7DC36F64}.Debug|arm64.Build.0 = Debug|Any CPU
		{95579A29-F7F9-458F-BA95-ACFF7DC36F64}.Debug|x64.ActiveCfg = Debug|Any CPU
		{95579A29-F7F9-458F-BA95-ACFF7DC36F64}.Debug|x64.Build.0 = Debug|Any CPU
		{95579A29-F7F9-458F-BA95-ACFF7DC36F64}.Debug|x86.ActiveCfg = Debug|Any CPU
		{95579A29-F7F9-458F-BA95-ACFF7DC36F64}.Debug|x86.Build.0 = Debug|Any CPU
		{95579A29-F7F9-458F-BA95-ACFF7DC36F64}.Release|Any CPU.ActiveCfg = Release|Any CPU
		{95579A29-F7F9-458F-BA95-ACFF7DC36F64}.Release|Any CPU.Build.0 = Release|Any CPU
		{95579A29-F7F9-458F-BA95-ACFF7DC36F64}.Release|arm64.ActiveCfg = Release|Any CPU
		{95579A29-F7F9-458F-BA95-ACFF7DC36F64}.Release|arm64.Build.0 = Release|Any CPU
		{95579A29-F7F9-458F-BA95-ACFF7DC36F64}.Release|x64.ActiveCfg = Release|Any CPU
		{95579A29-F7F9-458F-BA95-ACFF7DC36F64}.Release|x64.Build.0 = Release|Any CPU
		{95579A29-F7F9-458F-BA95-ACFF7DC36F64}.Release|x86.ActiveCfg = Release|Any CPU
		{95579A29-F7F9-458F-BA95-ACFF7DC36F64}.Release|x86.Build.0 = Release|Any CPU
		{0E31623C-93ED-481B-AB22-8B2EBD2D14EF}.Debug|Any CPU.ActiveCfg = Debug|Any CPU
		{0E31623C-93ED-481B-AB22-8B2EBD2D14EF}.Debug|Any CPU.Build.0 = Debug|Any CPU
		{0E31623C-93ED-481B-AB22-8B2EBD2D14EF}.Debug|arm64.ActiveCfg = Debug|Any CPU
		{0E31623C-93ED-481B-AB22-8B2EBD2D14EF}.Debug|arm64.Build.0 = Debug|Any CPU
		{0E31623C-93ED-481B-AB22-8B2EBD2D14EF}.Debug|x64.ActiveCfg = Debug|Any CPU
		{0E31623C-93ED-481B-AB22-8B2EBD2D14EF}.Debug|x64.Build.0 = Debug|Any CPU
		{0E31623C-93ED-481B-AB22-8B2EBD2D14EF}.Debug|x86.ActiveCfg = Debug|Any CPU
		{0E31623C-93ED-481B-AB22-8B2EBD2D14EF}.Debug|x86.Build.0 = Debug|Any CPU
		{0E31623C-93ED-481B-AB22-8B2EBD2D14EF}.Release|Any CPU.ActiveCfg = Release|Any CPU
		{0E31623C-93ED-481B-AB22-8B2EBD2D14EF}.Release|Any CPU.Build.0 = Release|Any CPU
		{0E31623C-93ED-481B-AB22-8B2EBD2D14EF}.Release|arm64.ActiveCfg = Release|Any CPU
		{0E31623C-93ED-481B-AB22-8B2EBD2D14EF}.Release|arm64.Build.0 = Release|Any CPU
		{0E31623C-93ED-481B-AB22-8B2EBD2D14EF}.Release|x64.ActiveCfg = Release|Any CPU
		{0E31623C-93ED-481B-AB22-8B2EBD2D14EF}.Release|x64.Build.0 = Release|Any CPU
		{0E31623C-93ED-481B-AB22-8B2EBD2D14EF}.Release|x86.ActiveCfg = Release|Any CPU
		{0E31623C-93ED-481B-AB22-8B2EBD2D14EF}.Release|x86.Build.0 = Release|Any CPU
		{609A939B-D700-47B9-8D22-04AECF0616AA}.Debug|Any CPU.ActiveCfg = Debug|Any CPU
		{609A939B-D700-47B9-8D22-04AECF0616AA}.Debug|Any CPU.Build.0 = Debug|Any CPU
		{609A939B-D700-47B9-8D22-04AECF0616AA}.Debug|arm64.ActiveCfg = Debug|Any CPU
		{609A939B-D700-47B9-8D22-04AECF0616AA}.Debug|arm64.Build.0 = Debug|Any CPU
		{609A939B-D700-47B9-8D22-04AECF0616AA}.Debug|x64.ActiveCfg = Debug|Any CPU
		{609A939B-D700-47B9-8D22-04AECF0616AA}.Debug|x64.Build.0 = Debug|Any CPU
		{609A939B-D700-47B9-8D22-04AECF0616AA}.Debug|x86.ActiveCfg = Debug|Any CPU
		{609A939B-D700-47B9-8D22-04AECF0616AA}.Debug|x86.Build.0 = Debug|Any CPU
		{609A939B-D700-47B9-8D22-04AECF0616AA}.Release|Any CPU.ActiveCfg = Release|Any CPU
		{609A939B-D700-47B9-8D22-04AECF0616AA}.Release|Any CPU.Build.0 = Release|Any CPU
		{609A939B-D700-47B9-8D22-04AECF0616AA}.Release|arm64.ActiveCfg = Release|Any CPU
		{609A939B-D700-47B9-8D22-04AECF0616AA}.Release|arm64.Build.0 = Release|Any CPU
		{609A939B-D700-47B9-8D22-04AECF0616AA}.Release|x64.ActiveCfg = Release|Any CPU
		{609A939B-D700-47B9-8D22-04AECF0616AA}.Release|x64.Build.0 = Release|Any CPU
		{609A939B-D700-47B9-8D22-04AECF0616AA}.Release|x86.ActiveCfg = Release|Any CPU
		{609A939B-D700-47B9-8D22-04AECF0616AA}.Release|x86.Build.0 = Release|Any CPU
		{BC19C89B-43F5-48A0-B0AB-AB8E7E16F649}.Debug|Any CPU.ActiveCfg = Debug|Any CPU
		{BC19C89B-43F5-48A0-B0AB-AB8E7E16F649}.Debug|Any CPU.Build.0 = Debug|Any CPU
		{BC19C89B-43F5-48A0-B0AB-AB8E7E16F649}.Debug|arm64.ActiveCfg = Debug|Any CPU
		{BC19C89B-43F5-48A0-B0AB-AB8E7E16F649}.Debug|arm64.Build.0 = Debug|Any CPU
		{BC19C89B-43F5-48A0-B0AB-AB8E7E16F649}.Debug|x64.ActiveCfg = Debug|Any CPU
		{BC19C89B-43F5-48A0-B0AB-AB8E7E16F649}.Debug|x64.Build.0 = Debug|Any CPU
		{BC19C89B-43F5-48A0-B0AB-AB8E7E16F649}.Debug|x86.ActiveCfg = Debug|Any CPU
		{BC19C89B-43F5-48A0-B0AB-AB8E7E16F649}.Debug|x86.Build.0 = Debug|Any CPU
		{BC19C89B-43F5-48A0-B0AB-AB8E7E16F649}.Release|Any CPU.ActiveCfg = Release|Any CPU
		{BC19C89B-43F5-48A0-B0AB-AB8E7E16F649}.Release|Any CPU.Build.0 = Release|Any CPU
		{BC19C89B-43F5-48A0-B0AB-AB8E7E16F649}.Release|arm64.ActiveCfg = Release|Any CPU
		{BC19C89B-43F5-48A0-B0AB-AB8E7E16F649}.Release|arm64.Build.0 = Release|Any CPU
		{BC19C89B-43F5-48A0-B0AB-AB8E7E16F649}.Release|x64.ActiveCfg = Release|Any CPU
		{BC19C89B-43F5-48A0-B0AB-AB8E7E16F649}.Release|x64.Build.0 = Release|Any CPU
		{BC19C89B-43F5-48A0-B0AB-AB8E7E16F649}.Release|x86.ActiveCfg = Release|Any CPU
		{BC19C89B-43F5-48A0-B0AB-AB8E7E16F649}.Release|x86.Build.0 = Release|Any CPU
		{FC9E1C78-4C6B-4173-81E4-F6B28A6C5EBA}.Debug|Any CPU.ActiveCfg = Debug|Any CPU
		{FC9E1C78-4C6B-4173-81E4-F6B28A6C5EBA}.Debug|Any CPU.Build.0 = Debug|Any CPU
		{FC9E1C78-4C6B-4173-81E4-F6B28A6C5EBA}.Debug|arm64.ActiveCfg = Debug|Any CPU
		{FC9E1C78-4C6B-4173-81E4-F6B28A6C5EBA}.Debug|arm64.Build.0 = Debug|Any CPU
		{FC9E1C78-4C6B-4173-81E4-F6B28A6C5EBA}.Debug|x64.ActiveCfg = Debug|Any CPU
		{FC9E1C78-4C6B-4173-81E4-F6B28A6C5EBA}.Debug|x64.Build.0 = Debug|Any CPU
		{FC9E1C78-4C6B-4173-81E4-F6B28A6C5EBA}.Debug|x86.ActiveCfg = Debug|Any CPU
		{FC9E1C78-4C6B-4173-81E4-F6B28A6C5EBA}.Debug|x86.Build.0 = Debug|Any CPU
		{FC9E1C78-4C6B-4173-81E4-F6B28A6C5EBA}.Release|Any CPU.ActiveCfg = Release|Any CPU
		{FC9E1C78-4C6B-4173-81E4-F6B28A6C5EBA}.Release|Any CPU.Build.0 = Release|Any CPU
		{FC9E1C78-4C6B-4173-81E4-F6B28A6C5EBA}.Release|arm64.ActiveCfg = Release|Any CPU
		{FC9E1C78-4C6B-4173-81E4-F6B28A6C5EBA}.Release|arm64.Build.0 = Release|Any CPU
		{FC9E1C78-4C6B-4173-81E4-F6B28A6C5EBA}.Release|x64.ActiveCfg = Release|Any CPU
		{FC9E1C78-4C6B-4173-81E4-F6B28A6C5EBA}.Release|x64.Build.0 = Release|Any CPU
		{FC9E1C78-4C6B-4173-81E4-F6B28A6C5EBA}.Release|x86.ActiveCfg = Release|Any CPU
		{FC9E1C78-4C6B-4173-81E4-F6B28A6C5EBA}.Release|x86.Build.0 = Release|Any CPU
		{B9D07A88-3A25-4786-90C9-7F385A4D71D2}.Debug|Any CPU.ActiveCfg = Debug|Any CPU
		{B9D07A88-3A25-4786-90C9-7F385A4D71D2}.Debug|Any CPU.Build.0 = Debug|Any CPU
		{B9D07A88-3A25-4786-90C9-7F385A4D71D2}.Debug|arm64.ActiveCfg = Debug|Any CPU
		{B9D07A88-3A25-4786-90C9-7F385A4D71D2}.Debug|arm64.Build.0 = Debug|Any CPU
		{B9D07A88-3A25-4786-90C9-7F385A4D71D2}.Debug|x64.ActiveCfg = Debug|Any CPU
		{B9D07A88-3A25-4786-90C9-7F385A4D71D2}.Debug|x64.Build.0 = Debug|Any CPU
		{B9D07A88-3A25-4786-90C9-7F385A4D71D2}.Debug|x86.ActiveCfg = Debug|Any CPU
		{B9D07A88-3A25-4786-90C9-7F385A4D71D2}.Debug|x86.Build.0 = Debug|Any CPU
		{B9D07A88-3A25-4786-90C9-7F385A4D71D2}.Release|Any CPU.ActiveCfg = Release|Any CPU
		{B9D07A88-3A25-4786-90C9-7F385A4D71D2}.Release|Any CPU.Build.0 = Release|Any CPU
		{B9D07A88-3A25-4786-90C9-7F385A4D71D2}.Release|arm64.ActiveCfg = Release|Any CPU
		{B9D07A88-3A25-4786-90C9-7F385A4D71D2}.Release|arm64.Build.0 = Release|Any CPU
		{B9D07A88-3A25-4786-90C9-7F385A4D71D2}.Release|x64.ActiveCfg = Release|Any CPU
		{B9D07A88-3A25-4786-90C9-7F385A4D71D2}.Release|x64.Build.0 = Release|Any CPU
		{B9D07A88-3A25-4786-90C9-7F385A4D71D2}.Release|x86.ActiveCfg = Release|Any CPU
		{B9D07A88-3A25-4786-90C9-7F385A4D71D2}.Release|x86.Build.0 = Release|Any CPU
		{9B6EAF90-BDC1-4F4D-A0A8-650784F29D8A}.Debug|Any CPU.ActiveCfg = Debug|Any CPU
		{9B6EAF90-BDC1-4F4D-A0A8-650784F29D8A}.Debug|Any CPU.Build.0 = Debug|Any CPU
		{9B6EAF90-BDC1-4F4D-A0A8-650784F29D8A}.Debug|arm64.ActiveCfg = Debug|Any CPU
		{9B6EAF90-BDC1-4F4D-A0A8-650784F29D8A}.Debug|arm64.Build.0 = Debug|Any CPU
		{9B6EAF90-BDC1-4F4D-A0A8-650784F29D8A}.Debug|x64.ActiveCfg = Debug|Any CPU
		{9B6EAF90-BDC1-4F4D-A0A8-650784F29D8A}.Debug|x64.Build.0 = Debug|Any CPU
		{9B6EAF90-BDC1-4F4D-A0A8-650784F29D8A}.Debug|x86.ActiveCfg = Debug|Any CPU
		{9B6EAF90-BDC1-4F4D-A0A8-650784F29D8A}.Debug|x86.Build.0 = Debug|Any CPU
		{9B6EAF90-BDC1-4F4D-A0A8-650784F29D8A}.Release|Any CPU.ActiveCfg = Release|Any CPU
		{9B6EAF90-BDC1-4F4D-A0A8-650784F29D8A}.Release|Any CPU.Build.0 = Release|Any CPU
		{9B6EAF90-BDC1-4F4D-A0A8-650784F29D8A}.Release|arm64.ActiveCfg = Release|Any CPU
		{9B6EAF90-BDC1-4F4D-A0A8-650784F29D8A}.Release|arm64.Build.0 = Release|Any CPU
		{9B6EAF90-BDC1-4F4D-A0A8-650784F29D8A}.Release|x64.ActiveCfg = Release|Any CPU
		{9B6EAF90-BDC1-4F4D-A0A8-650784F29D8A}.Release|x64.Build.0 = Release|Any CPU
		{9B6EAF90-BDC1-4F4D-A0A8-650784F29D8A}.Release|x86.ActiveCfg = Release|Any CPU
		{9B6EAF90-BDC1-4F4D-A0A8-650784F29D8A}.Release|x86.Build.0 = Release|Any CPU
		{2F877E1B-DAC3-4D3B-9C1B-037EAD532430}.Debug|Any CPU.ActiveCfg = Debug|Any CPU
		{2F877E1B-DAC3-4D3B-9C1B-037EAD532430}.Debug|Any CPU.Build.0 = Debug|Any CPU
		{2F877E1B-DAC3-4D3B-9C1B-037EAD532430}.Debug|arm64.ActiveCfg = Debug|Any CPU
		{2F877E1B-DAC3-4D3B-9C1B-037EAD532430}.Debug|arm64.Build.0 = Debug|Any CPU
		{2F877E1B-DAC3-4D3B-9C1B-037EAD532430}.Debug|x64.ActiveCfg = Debug|Any CPU
		{2F877E1B-DAC3-4D3B-9C1B-037EAD532430}.Debug|x64.Build.0 = Debug|Any CPU
		{2F877E1B-DAC3-4D3B-9C1B-037EAD532430}.Debug|x86.ActiveCfg = Debug|Any CPU
		{2F877E1B-DAC3-4D3B-9C1B-037EAD532430}.Debug|x86.Build.0 = Debug|Any CPU
		{2F877E1B-DAC3-4D3B-9C1B-037EAD532430}.Release|Any CPU.ActiveCfg = Release|Any CPU
		{2F877E1B-DAC3-4D3B-9C1B-037EAD532430}.Release|Any CPU.Build.0 = Release|Any CPU
		{2F877E1B-DAC3-4D3B-9C1B-037EAD532430}.Release|arm64.ActiveCfg = Release|Any CPU
		{2F877E1B-DAC3-4D3B-9C1B-037EAD532430}.Release|arm64.Build.0 = Release|Any CPU
		{2F877E1B-DAC3-4D3B-9C1B-037EAD532430}.Release|x64.ActiveCfg = Release|Any CPU
		{2F877E1B-DAC3-4D3B-9C1B-037EAD532430}.Release|x64.Build.0 = Release|Any CPU
		{2F877E1B-DAC3-4D3B-9C1B-037EAD532430}.Release|x86.ActiveCfg = Release|Any CPU
		{2F877E1B-DAC3-4D3B-9C1B-037EAD532430}.Release|x86.Build.0 = Release|Any CPU
		{C4C82A01-1422-4F91-B371-4F2787FB64CE}.Debug|Any CPU.ActiveCfg = Debug|Any CPU
		{C4C82A01-1422-4F91-B371-4F2787FB64CE}.Debug|Any CPU.Build.0 = Debug|Any CPU
		{C4C82A01-1422-4F91-B371-4F2787FB64CE}.Debug|arm64.ActiveCfg = Debug|Any CPU
		{C4C82A01-1422-4F91-B371-4F2787FB64CE}.Debug|arm64.Build.0 = Debug|Any CPU
		{C4C82A01-1422-4F91-B371-4F2787FB64CE}.Debug|x64.ActiveCfg = Debug|Any CPU
		{C4C82A01-1422-4F91-B371-4F2787FB64CE}.Debug|x64.Build.0 = Debug|Any CPU
		{C4C82A01-1422-4F91-B371-4F2787FB64CE}.Debug|x86.ActiveCfg = Debug|Any CPU
		{C4C82A01-1422-4F91-B371-4F2787FB64CE}.Debug|x86.Build.0 = Debug|Any CPU
		{C4C82A01-1422-4F91-B371-4F2787FB64CE}.Release|Any CPU.ActiveCfg = Release|Any CPU
		{C4C82A01-1422-4F91-B371-4F2787FB64CE}.Release|Any CPU.Build.0 = Release|Any CPU
		{C4C82A01-1422-4F91-B371-4F2787FB64CE}.Release|arm64.ActiveCfg = Release|Any CPU
		{C4C82A01-1422-4F91-B371-4F2787FB64CE}.Release|arm64.Build.0 = Release|Any CPU
		{C4C82A01-1422-4F91-B371-4F2787FB64CE}.Release|x64.ActiveCfg = Release|Any CPU
		{C4C82A01-1422-4F91-B371-4F2787FB64CE}.Release|x64.Build.0 = Release|Any CPU
		{C4C82A01-1422-4F91-B371-4F2787FB64CE}.Release|x86.ActiveCfg = Release|Any CPU
		{C4C82A01-1422-4F91-B371-4F2787FB64CE}.Release|x86.Build.0 = Release|Any CPU
		{5300CFE0-D1AE-4DA8-93E4-3132D23F93CA}.Debug|Any CPU.ActiveCfg = Debug|Any CPU
		{5300CFE0-D1AE-4DA8-93E4-3132D23F93CA}.Debug|Any CPU.Build.0 = Debug|Any CPU
		{5300CFE0-D1AE-4DA8-93E4-3132D23F93CA}.Debug|arm64.ActiveCfg = Debug|Any CPU
		{5300CFE0-D1AE-4DA8-93E4-3132D23F93CA}.Debug|arm64.Build.0 = Debug|Any CPU
		{5300CFE0-D1AE-4DA8-93E4-3132D23F93CA}.Debug|x64.ActiveCfg = Debug|Any CPU
		{5300CFE0-D1AE-4DA8-93E4-3132D23F93CA}.Debug|x64.Build.0 = Debug|Any CPU
		{5300CFE0-D1AE-4DA8-93E4-3132D23F93CA}.Debug|x86.ActiveCfg = Debug|Any CPU
		{5300CFE0-D1AE-4DA8-93E4-3132D23F93CA}.Debug|x86.Build.0 = Debug|Any CPU
		{5300CFE0-D1AE-4DA8-93E4-3132D23F93CA}.Release|Any CPU.ActiveCfg = Release|Any CPU
		{5300CFE0-D1AE-4DA8-93E4-3132D23F93CA}.Release|Any CPU.Build.0 = Release|Any CPU
		{5300CFE0-D1AE-4DA8-93E4-3132D23F93CA}.Release|arm64.ActiveCfg = Release|Any CPU
		{5300CFE0-D1AE-4DA8-93E4-3132D23F93CA}.Release|arm64.Build.0 = Release|Any CPU
		{5300CFE0-D1AE-4DA8-93E4-3132D23F93CA}.Release|x64.ActiveCfg = Release|Any CPU
		{5300CFE0-D1AE-4DA8-93E4-3132D23F93CA}.Release|x64.Build.0 = Release|Any CPU
		{5300CFE0-D1AE-4DA8-93E4-3132D23F93CA}.Release|x86.ActiveCfg = Release|Any CPU
		{5300CFE0-D1AE-4DA8-93E4-3132D23F93CA}.Release|x86.Build.0 = Release|Any CPU
		{0CE30130-FFF5-42D8-8686-B0E7BF3BE932}.Debug|Any CPU.ActiveCfg = Debug|Any CPU
		{0CE30130-FFF5-42D8-8686-B0E7BF3BE932}.Debug|Any CPU.Build.0 = Debug|Any CPU
		{0CE30130-FFF5-42D8-8686-B0E7BF3BE932}.Debug|arm64.ActiveCfg = Debug|Any CPU
		{0CE30130-FFF5-42D8-8686-B0E7BF3BE932}.Debug|arm64.Build.0 = Debug|Any CPU
		{0CE30130-FFF5-42D8-8686-B0E7BF3BE932}.Debug|x64.ActiveCfg = Debug|Any CPU
		{0CE30130-FFF5-42D8-8686-B0E7BF3BE932}.Debug|x64.Build.0 = Debug|Any CPU
		{0CE30130-FFF5-42D8-8686-B0E7BF3BE932}.Debug|x86.ActiveCfg = Debug|Any CPU
		{0CE30130-FFF5-42D8-8686-B0E7BF3BE932}.Debug|x86.Build.0 = Debug|Any CPU
		{0CE30130-FFF5-42D8-8686-B0E7BF3BE932}.Release|Any CPU.ActiveCfg = Release|Any CPU
		{0CE30130-FFF5-42D8-8686-B0E7BF3BE932}.Release|Any CPU.Build.0 = Release|Any CPU
		{0CE30130-FFF5-42D8-8686-B0E7BF3BE932}.Release|arm64.ActiveCfg = Release|Any CPU
		{0CE30130-FFF5-42D8-8686-B0E7BF3BE932}.Release|arm64.Build.0 = Release|Any CPU
		{0CE30130-FFF5-42D8-8686-B0E7BF3BE932}.Release|x64.ActiveCfg = Release|Any CPU
		{0CE30130-FFF5-42D8-8686-B0E7BF3BE932}.Release|x64.Build.0 = Release|Any CPU
		{0CE30130-FFF5-42D8-8686-B0E7BF3BE932}.Release|x86.ActiveCfg = Release|Any CPU
		{0CE30130-FFF5-42D8-8686-B0E7BF3BE932}.Release|x86.Build.0 = Release|Any CPU
		{A1CBDD05-95BB-439B-B001-152E19B44533}.Debug|Any CPU.ActiveCfg = Debug|Any CPU
		{A1CBDD05-95BB-439B-B001-152E19B44533}.Debug|Any CPU.Build.0 = Debug|Any CPU
		{A1CBDD05-95BB-439B-B001-152E19B44533}.Debug|arm64.ActiveCfg = Debug|Any CPU
		{A1CBDD05-95BB-439B-B001-152E19B44533}.Debug|arm64.Build.0 = Debug|Any CPU
		{A1CBDD05-95BB-439B-B001-152E19B44533}.Debug|x64.ActiveCfg = Debug|Any CPU
		{A1CBDD05-95BB-439B-B001-152E19B44533}.Debug|x64.Build.0 = Debug|Any CPU
		{A1CBDD05-95BB-439B-B001-152E19B44533}.Debug|x86.ActiveCfg = Debug|Any CPU
		{A1CBDD05-95BB-439B-B001-152E19B44533}.Debug|x86.Build.0 = Debug|Any CPU
		{A1CBDD05-95BB-439B-B001-152E19B44533}.Release|Any CPU.ActiveCfg = Release|Any CPU
		{A1CBDD05-95BB-439B-B001-152E19B44533}.Release|Any CPU.Build.0 = Release|Any CPU
		{A1CBDD05-95BB-439B-B001-152E19B44533}.Release|arm64.ActiveCfg = Release|Any CPU
		{A1CBDD05-95BB-439B-B001-152E19B44533}.Release|arm64.Build.0 = Release|Any CPU
		{A1CBDD05-95BB-439B-B001-152E19B44533}.Release|x64.ActiveCfg = Release|Any CPU
		{A1CBDD05-95BB-439B-B001-152E19B44533}.Release|x64.Build.0 = Release|Any CPU
		{A1CBDD05-95BB-439B-B001-152E19B44533}.Release|x86.ActiveCfg = Release|Any CPU
		{A1CBDD05-95BB-439B-B001-152E19B44533}.Release|x86.Build.0 = Release|Any CPU
		{AE61B034-2363-4A31-9751-9E8DD41CFD9C}.Debug|Any CPU.ActiveCfg = Debug|Any CPU
		{AE61B034-2363-4A31-9751-9E8DD41CFD9C}.Debug|Any CPU.Build.0 = Debug|Any CPU
		{AE61B034-2363-4A31-9751-9E8DD41CFD9C}.Debug|arm64.ActiveCfg = Debug|Any CPU
		{AE61B034-2363-4A31-9751-9E8DD41CFD9C}.Debug|arm64.Build.0 = Debug|Any CPU
		{AE61B034-2363-4A31-9751-9E8DD41CFD9C}.Debug|x64.ActiveCfg = Debug|Any CPU
		{AE61B034-2363-4A31-9751-9E8DD41CFD9C}.Debug|x64.Build.0 = Debug|Any CPU
		{AE61B034-2363-4A31-9751-9E8DD41CFD9C}.Debug|x86.ActiveCfg = Debug|Any CPU
		{AE61B034-2363-4A31-9751-9E8DD41CFD9C}.Debug|x86.Build.0 = Debug|Any CPU
		{AE61B034-2363-4A31-9751-9E8DD41CFD9C}.Release|Any CPU.ActiveCfg = Release|Any CPU
		{AE61B034-2363-4A31-9751-9E8DD41CFD9C}.Release|Any CPU.Build.0 = Release|Any CPU
		{AE61B034-2363-4A31-9751-9E8DD41CFD9C}.Release|arm64.ActiveCfg = Release|Any CPU
		{AE61B034-2363-4A31-9751-9E8DD41CFD9C}.Release|arm64.Build.0 = Release|Any CPU
		{AE61B034-2363-4A31-9751-9E8DD41CFD9C}.Release|x64.ActiveCfg = Release|Any CPU
		{AE61B034-2363-4A31-9751-9E8DD41CFD9C}.Release|x64.Build.0 = Release|Any CPU
		{AE61B034-2363-4A31-9751-9E8DD41CFD9C}.Release|x86.ActiveCfg = Release|Any CPU
		{AE61B034-2363-4A31-9751-9E8DD41CFD9C}.Release|x86.Build.0 = Release|Any CPU
		{935EC67A-B10E-4852-B2E5-6D67FCAE650B}.Debug|Any CPU.ActiveCfg = Debug|Any CPU
		{935EC67A-B10E-4852-B2E5-6D67FCAE650B}.Debug|Any CPU.Build.0 = Debug|Any CPU
		{935EC67A-B10E-4852-B2E5-6D67FCAE650B}.Debug|arm64.ActiveCfg = Debug|Any CPU
		{935EC67A-B10E-4852-B2E5-6D67FCAE650B}.Debug|arm64.Build.0 = Debug|Any CPU
		{935EC67A-B10E-4852-B2E5-6D67FCAE650B}.Debug|x64.ActiveCfg = Debug|Any CPU
		{935EC67A-B10E-4852-B2E5-6D67FCAE650B}.Debug|x64.Build.0 = Debug|Any CPU
		{935EC67A-B10E-4852-B2E5-6D67FCAE650B}.Debug|x86.ActiveCfg = Debug|Any CPU
		{935EC67A-B10E-4852-B2E5-6D67FCAE650B}.Debug|x86.Build.0 = Debug|Any CPU
		{935EC67A-B10E-4852-B2E5-6D67FCAE650B}.Release|Any CPU.ActiveCfg = Release|Any CPU
		{935EC67A-B10E-4852-B2E5-6D67FCAE650B}.Release|Any CPU.Build.0 = Release|Any CPU
		{935EC67A-B10E-4852-B2E5-6D67FCAE650B}.Release|arm64.ActiveCfg = Release|Any CPU
		{935EC67A-B10E-4852-B2E5-6D67FCAE650B}.Release|arm64.Build.0 = Release|Any CPU
		{935EC67A-B10E-4852-B2E5-6D67FCAE650B}.Release|x64.ActiveCfg = Release|Any CPU
		{935EC67A-B10E-4852-B2E5-6D67FCAE650B}.Release|x64.Build.0 = Release|Any CPU
		{935EC67A-B10E-4852-B2E5-6D67FCAE650B}.Release|x86.ActiveCfg = Release|Any CPU
		{935EC67A-B10E-4852-B2E5-6D67FCAE650B}.Release|x86.Build.0 = Release|Any CPU
		{82477E84-7BBE-4AA7-A382-1370FB064E5A}.Debug|Any CPU.ActiveCfg = Debug|Any CPU
		{82477E84-7BBE-4AA7-A382-1370FB064E5A}.Debug|Any CPU.Build.0 = Debug|Any CPU
		{82477E84-7BBE-4AA7-A382-1370FB064E5A}.Debug|arm64.ActiveCfg = Debug|Any CPU
		{82477E84-7BBE-4AA7-A382-1370FB064E5A}.Debug|arm64.Build.0 = Debug|Any CPU
		{82477E84-7BBE-4AA7-A382-1370FB064E5A}.Debug|x64.ActiveCfg = Debug|Any CPU
		{82477E84-7BBE-4AA7-A382-1370FB064E5A}.Debug|x64.Build.0 = Debug|Any CPU
		{82477E84-7BBE-4AA7-A382-1370FB064E5A}.Debug|x86.ActiveCfg = Debug|Any CPU
		{82477E84-7BBE-4AA7-A382-1370FB064E5A}.Debug|x86.Build.0 = Debug|Any CPU
		{82477E84-7BBE-4AA7-A382-1370FB064E5A}.Release|Any CPU.ActiveCfg = Release|Any CPU
		{82477E84-7BBE-4AA7-A382-1370FB064E5A}.Release|Any CPU.Build.0 = Release|Any CPU
		{82477E84-7BBE-4AA7-A382-1370FB064E5A}.Release|arm64.ActiveCfg = Release|Any CPU
		{82477E84-7BBE-4AA7-A382-1370FB064E5A}.Release|arm64.Build.0 = Release|Any CPU
		{82477E84-7BBE-4AA7-A382-1370FB064E5A}.Release|x64.ActiveCfg = Release|Any CPU
		{82477E84-7BBE-4AA7-A382-1370FB064E5A}.Release|x64.Build.0 = Release|Any CPU
		{82477E84-7BBE-4AA7-A382-1370FB064E5A}.Release|x86.ActiveCfg = Release|Any CPU
		{82477E84-7BBE-4AA7-A382-1370FB064E5A}.Release|x86.Build.0 = Release|Any CPU
	EndGlobalSection
	GlobalSection(SolutionProperties) = preSolution
		HideSolutionNode = FALSE
	EndGlobalSection
	GlobalSection(ExtensibilityGlobals) = postSolution
		SolutionGuid = {E623DD82-9676-4A8B-A94C-593EFF478A87}
	EndGlobalSection
EndGlobal
